lockVersion: 2.0.0
id: fc4122ab-aeb4-4f6c-8a2b-118a69a2eef2
management:
  docChecksum: 35b77c8e231012e142d527cdb5536b80
  docVersion: "2022-08-16"
  speakeasyVersion: internal
  generationVersion: 2.225.2
  releaseVersion: 0.4.1
  configChecksum: 3eb8975fa7ca1b14d3a0f5f67a3d91f5
  repoURL: https://github.com/speakeasy-sdks/contractify-api-python.git
  repoSubDirectory: .
  installationURL: https://github.com/speakeasy-sdks/contractify-api-python.git
features:
  python:
    core: 4.4.0
    globalSecurity: 2.83.1
    globalServerURLs: 2.82.1
generatedFiles:
  - src/contractifyproduction/sdkconfiguration.py
  - src/contractifyproduction/contract_types.py
  - src/contractifyproduction/contracts.py
  - src/contractifyproduction/custom_fields.py
  - src/contractifyproduction/departments.py
  - src/contractifyproduction/documents.py
  - src/contractifyproduction/subfolders.py
  - src/contractifyproduction/legal_entities.py
  - src/contractifyproduction/offices.py
  - src/contractifyproduction/relations.py
  - src/contractifyproduction/tasks.py
  - src/contractifyproduction/users.py
  - src/contractifyproduction/sdk.py
  - pylintrc
  - setup.py
  - src/contractifyproduction/__init__.py
  - src/contractifyproduction/utils/__init__.py
  - src/contractifyproduction/utils/retries.py
  - src/contractifyproduction/utils/utils.py
  - src/contractifyproduction/models/errors/sdkerror.py
  - tests/helpers.py
  - src/contractifyproduction/models/operations/list_contract_types.py
  - src/contractifyproduction/models/operations/create_contract.py
  - src/contractifyproduction/models/operations/delete_contract.py
  - src/contractifyproduction/models/operations/get_contract.py
  - src/contractifyproduction/models/operations/list_contracts.py
  - src/contractifyproduction/models/operations/update_contract.py
  - src/contractifyproduction/models/operations/list_custom_fields.py
  - src/contractifyproduction/models/operations/create_department.py
  - src/contractifyproduction/models/operations/delete_department.py
  - src/contractifyproduction/models/operations/get_department.py
  - src/contractifyproduction/models/operations/list_departments.py
  - src/contractifyproduction/models/operations/update_department.py
  - src/contractifyproduction/models/operations/delete_document.py
  - src/contractifyproduction/models/operations/get_document.py
  - src/contractifyproduction/models/operations/list_documents.py
  - src/contractifyproduction/models/operations/update_document.py
  - src/contractifyproduction/models/operations/list_subfolders.py
  - src/contractifyproduction/models/operations/list_legal_entities.py
  - src/contractifyproduction/models/operations/create_office.py
  - src/contractifyproduction/models/operations/delete_office.py
  - src/contractifyproduction/models/operations/get_office.py
  - src/contractifyproduction/models/operations/list_offices.py
  - src/contractifyproduction/models/operations/update_office.py
  - src/contractifyproduction/models/operations/create_relation.py
  - src/contractifyproduction/models/operations/delete_relation.py
  - src/contractifyproduction/models/operations/get_relation.py
  - src/contractifyproduction/models/operations/list_relations.py
  - src/contractifyproduction/models/operations/update_relation.py
  - src/contractifyproduction/models/operations/create_task.py
  - src/contractifyproduction/models/operations/delete_task.py
  - src/contractifyproduction/models/operations/get_task.py
  - src/contractifyproduction/models/operations/list_tasks.py
  - src/contractifyproduction/models/operations/update_task.py
  - src/contractifyproduction/models/operations/current_user.py
  - src/contractifyproduction/models/operations/list_users.py
  - src/contractifyproduction/models/shared/contracttype_collection.py
  - src/contractifyproduction/models/shared/contracttype_read.py
  - src/contractifyproduction/models/shared/contracttypename_read.py
  - src/contractifyproduction/models/shared/contract_read.py
  - src/contractifyproduction/models/shared/contract_termination.py
  - src/contractifyproduction/models/shared/contract_renewal.py
  - src/contractifyproduction/models/shared/contract_automaticrenewal.py
  - src/contractifyproduction/models/shared/relation_read.py
  - src/contractifyproduction/models/shared/address.py
  - src/contractifyproduction/models/shared/contract_phase.py
  - src/contractifyproduction/models/shared/office_read.py
  - src/contractifyproduction/models/shared/legalentity_read.py
  - src/contractifyproduction/models/shared/dossier_read.py
  - src/contractifyproduction/models/shared/contractdocument_read.py
  - src/contractifyproduction/models/shared/documentversion_read.py
  - src/contractifyproduction/models/shared/department_read.py
  - src/contractifyproduction/models/shared/customfieldvalue_read.py
  - src/contractifyproduction/models/shared/contract_write.py
  - src/contractifyproduction/models/shared/customfieldvalue_write.py
  - src/contractifyproduction/models/shared/contract_collection.py
  - src/contractifyproduction/models/shared/pagination.py
  - src/contractifyproduction/models/shared/customfield_collection.py
  - src/contractifyproduction/models/shared/customfield_read.py
  - src/contractifyproduction/models/shared/department_write.py
  - src/contractifyproduction/models/shared/department_collection.py
  - src/contractifyproduction/models/shared/document_read.py
  - src/contractifyproduction/models/shared/document_collection.py
  - src/contractifyproduction/models/shared/document_write.py
  - src/contractifyproduction/models/shared/dossier_collection.py
  - src/contractifyproduction/models/shared/legalentity_collection.py
  - src/contractifyproduction/models/shared/office_write.py
  - src/contractifyproduction/models/shared/office_collection.py
  - src/contractifyproduction/models/shared/relation_write.py
  - src/contractifyproduction/models/shared/relation_collection.py
  - src/contractifyproduction/models/shared/task_read.py
  - src/contractifyproduction/models/shared/task_write.py
  - src/contractifyproduction/models/shared/task_collection.py
  - src/contractifyproduction/models/shared/task_update.py
  - src/contractifyproduction/models/shared/user_current.py
  - src/contractifyproduction/models/shared/company_read.py
  - src/contractifyproduction/models/shared/user_collection.py
  - src/contractifyproduction/models/shared/user_read.py
  - src/contractifyproduction/models/shared/security.py
  - src/contractifyproduction/models/errors/list_contract_types.py
  - src/contractifyproduction/models/errors/create_contract.py
  - src/contractifyproduction/models/errors/delete_contract.py
  - src/contractifyproduction/models/errors/get_contract.py
  - src/contractifyproduction/models/errors/list_contracts.py
  - src/contractifyproduction/models/errors/update_contract.py
  - src/contractifyproduction/models/errors/list_custom_fields.py
  - src/contractifyproduction/models/errors/create_department.py
  - src/contractifyproduction/models/errors/delete_department.py
  - src/contractifyproduction/models/errors/get_department.py
  - src/contractifyproduction/models/errors/list_departments.py
  - src/contractifyproduction/models/errors/update_department.py
  - src/contractifyproduction/models/errors/delete_document.py
  - src/contractifyproduction/models/errors/get_document.py
  - src/contractifyproduction/models/errors/list_documents.py
  - src/contractifyproduction/models/errors/update_document.py
  - src/contractifyproduction/models/errors/list_subfolders.py
  - src/contractifyproduction/models/errors/list_legal_entities.py
  - src/contractifyproduction/models/errors/create_office.py
  - src/contractifyproduction/models/errors/delete_office.py
  - src/contractifyproduction/models/errors/get_office.py
  - src/contractifyproduction/models/errors/list_offices.py
  - src/contractifyproduction/models/errors/update_office.py
  - src/contractifyproduction/models/errors/create_relation.py
  - src/contractifyproduction/models/errors/delete_relation.py
  - src/contractifyproduction/models/errors/get_relation.py
  - src/contractifyproduction/models/errors/list_relations.py
  - src/contractifyproduction/models/errors/update_relation.py
  - src/contractifyproduction/models/errors/create_task.py
  - src/contractifyproduction/models/errors/delete_task.py
  - src/contractifyproduction/models/errors/get_task.py
  - src/contractifyproduction/models/errors/list_tasks.py
  - src/contractifyproduction/models/errors/update_task.py
  - src/contractifyproduction/models/errors/current_user.py
  - src/contractifyproduction/models/errors/list_users.py
  - src/contractifyproduction/models/__init__.py
  - src/contractifyproduction/models/errors/__init__.py
  - src/contractifyproduction/models/operations/__init__.py
  - src/contractifyproduction/models/shared/__init__.py
  - docs/models/operations/listcontracttypesrequest.md
  - docs/models/operations/listcontracttypesresponse.md
  - docs/models/operations/createcontractrequest.md
  - docs/models/operations/createcontractresponsebody.md
  - docs/models/operations/createcontractresponse.md
  - docs/models/operations/deletecontractrequest.md
  - docs/models/operations/deletecontractresponse.md
  - docs/models/operations/getcontractrequest.md
  - docs/models/operations/getcontractresponsebody.md
  - docs/models/operations/getcontractresponse.md
  - docs/models/operations/listcontractsrequest.md
  - docs/models/operations/listcontractsresponse.md
  - docs/models/operations/updatecontractrequest.md
  - docs/models/operations/updatecontractresponsebody.md
  - docs/models/operations/updatecontractresponse.md
  - docs/models/operations/listcustomfieldsrequest.md
  - docs/models/operations/listcustomfieldsresponse.md
  - docs/models/operations/createdepartmentrequest.md
  - docs/models/operations/createdepartmentresponsebody.md
  - docs/models/operations/createdepartmentresponse.md
  - docs/models/operations/deletedepartmentrequest.md
  - docs/models/operations/deletedepartmentresponse.md
  - docs/models/operations/getdepartmentrequest.md
  - docs/models/operations/getdepartmentresponsebody.md
  - docs/models/operations/getdepartmentresponse.md
  - docs/models/operations/listdepartmentsrequest.md
  - docs/models/operations/listdepartmentsresponse.md
  - docs/models/operations/updatedepartmentrequest.md
  - docs/models/operations/updatedepartmentresponsebody.md
  - docs/models/operations/updatedepartmentresponse.md
  - docs/models/operations/deletedocumentrequest.md
  - docs/models/operations/deletedocumentresponse.md
  - docs/models/operations/getdocumentrequest.md
  - docs/models/operations/getdocumentresponsebody.md
  - docs/models/operations/getdocumentresponse.md
  - docs/models/operations/esigningstatus.md
  - docs/models/operations/listdocumentsrequest.md
  - docs/models/operations/listdocumentsresponse.md
  - docs/models/operations/updatedocumentrequest.md
  - docs/models/operations/updatedocumentresponsebody.md
  - docs/models/operations/updatedocumentresponse.md
  - docs/models/operations/listsubfoldersrequest.md
  - docs/models/operations/listsubfoldersresponse.md
  - docs/models/operations/listlegalentitiesrequest.md
  - docs/models/operations/listlegalentitiesresponse.md
  - docs/models/operations/createofficerequest.md
  - docs/models/operations/createofficeresponsebody.md
  - docs/models/operations/createofficeresponse.md
  - docs/models/operations/deleteofficerequest.md
  - docs/models/operations/deleteofficeresponse.md
  - docs/models/operations/getofficerequest.md
  - docs/models/operations/getofficeresponsebody.md
  - docs/models/operations/getofficeresponse.md
  - docs/models/operations/listofficesrequest.md
  - docs/models/operations/listofficesresponse.md
  - docs/models/operations/updateofficerequest.md
  - docs/models/operations/updateofficeresponsebody.md
  - docs/models/operations/updateofficeresponse.md
  - docs/models/operations/createrelationrequest.md
  - docs/models/operations/createrelationresponsebody.md
  - docs/models/operations/createrelationresponse.md
  - docs/models/operations/deleterelationrequest.md
  - docs/models/operations/deleterelationresponse.md
  - docs/models/operations/getrelationrequest.md
  - docs/models/operations/getrelationresponsebody.md
  - docs/models/operations/getrelationresponse.md
  - docs/models/operations/listrelationsrequest.md
  - docs/models/operations/listrelationsresponse.md
  - docs/models/operations/updaterelationrequest.md
  - docs/models/operations/updaterelationresponsebody.md
  - docs/models/operations/updaterelationresponse.md
  - docs/models/operations/createtaskrequest.md
  - docs/models/operations/createtaskresponsebody.md
  - docs/models/operations/createtaskresponse.md
  - docs/models/operations/deletetaskrequest.md
  - docs/models/operations/deletetaskresponse.md
  - docs/models/operations/gettaskrequest.md
  - docs/models/operations/gettaskresponsebody.md
  - docs/models/operations/gettaskresponse.md
  - docs/models/operations/listtasksrequest.md
  - docs/models/operations/listtasksresponse.md
  - docs/models/operations/updatetaskrequest.md
  - docs/models/operations/updatetaskresponsebody.md
  - docs/models/operations/updatetaskresponse.md
  - docs/models/operations/currentuserresponsebody.md
  - docs/models/operations/currentuserresponse.md
  - docs/models/operations/listusersrequest.md
  - docs/models/operations/listusersresponse.md
  - docs/models/shared/contracttypecollection.md
  - docs/models/shared/contracttyperead.md
  - docs/models/shared/contracttypenameread.md
  - docs/models/shared/contractread.md
  - docs/models/shared/contracttermination.md
  - docs/models/shared/contractrenewal.md
  - docs/models/shared/contractautomaticrenewal.md
  - docs/models/shared/relationread.md
  - docs/models/shared/address.md
  - docs/models/shared/contractphase.md
  - docs/models/shared/officeread.md
  - docs/models/shared/legalentityread.md
  - docs/models/shared/dossierread.md
  - docs/models/shared/contractdocumentread.md
  - docs/models/shared/documentversionread.md
  - docs/models/shared/departmentread.md
  - docs/models/shared/customfieldvalueread.md
  - docs/models/shared/contractwrite.md
  - docs/models/shared/customfieldvaluewrite.md
  - docs/models/shared/contractcollection.md
  - docs/models/shared/pagination.md
  - docs/models/shared/customfieldcollection.md
  - docs/models/shared/customfieldread.md
  - docs/models/shared/departmentwrite.md
  - docs/models/shared/departmentcollection.md
  - docs/models/shared/documentread.md
  - docs/models/shared/documentcollection.md
  - docs/models/shared/documentwrite.md
  - docs/models/shared/dossiercollection.md
  - docs/models/shared/legalentitycollection.md
  - docs/models/shared/officewrite.md
  - docs/models/shared/officecollection.md
  - docs/models/shared/relationwrite.md
  - docs/models/shared/relationcollection.md
  - docs/models/shared/duedatedependson.md
  - docs/models/shared/status.md
  - docs/models/shared/taskread.md
  - docs/models/shared/taskwriteduedatedependson.md
  - docs/models/shared/taskwritestatus.md
  - docs/models/shared/taskwrite.md
  - docs/models/shared/taskcollection.md
  - docs/models/shared/taskupdateduedatedependson.md
  - docs/models/shared/taskupdatestatus.md
  - docs/models/shared/taskupdate.md
  - docs/models/shared/usercurrent.md
  - docs/models/shared/companyread.md
  - docs/models/shared/usercollection.md
  - docs/models/shared/role.md
  - docs/models/shared/userread.md
  - docs/models/shared/security.md
  - docs/models/errors/listcontracttypescontracttypesresponsebody.md
  - docs/models/errors/listcontracttypesresponsebody.md
  - docs/models/errors/errors.md
  - docs/models/errors/createcontractcontractsresponseresponsebody.md
  - docs/models/errors/createcontractcontractsresponsebody.md
  - docs/models/errors/createcontractresponsebody.md
  - docs/models/errors/deletecontractcontractsresponse404responsebody.md
  - docs/models/errors/deletecontractcontractsresponseresponsebody.md
  - docs/models/errors/deletecontractcontractsresponsebody.md
  - docs/models/errors/deletecontractresponsebody.md
  - docs/models/errors/getcontractcontractsresponseresponsebody.md
  - docs/models/errors/getcontractcontractsresponsebody.md
  - docs/models/errors/getcontractresponsebody.md
  - docs/models/errors/listcontractscontractsresponsebody.md
  - docs/models/errors/listcontractsresponsebody.md
  - docs/models/errors/updatecontracterrors.md
  - docs/models/errors/updatecontractcontractsresponse422responsebody.md
  - docs/models/errors/updatecontractcontractsresponseresponsebody.md
  - docs/models/errors/updatecontractcontractsresponsebody.md
  - docs/models/errors/updatecontractresponsebody.md
  - docs/models/errors/listcustomfieldscustomfieldsresponsebody.md
  - docs/models/errors/listcustomfieldsresponsebody.md
  - docs/models/errors/createdepartmenterrors.md
  - docs/models/errors/createdepartmentdepartmentsresponseresponsebody.md
  - docs/models/errors/createdepartmentdepartmentsresponsebody.md
  - docs/models/errors/createdepartmentresponsebody.md
  - docs/models/errors/deletedepartmentdepartmentsresponse404responsebody.md
  - docs/models/errors/deletedepartmentdepartmentsresponseresponsebody.md
  - docs/models/errors/deletedepartmentdepartmentsresponsebody.md
  - docs/models/errors/deletedepartmentresponsebody.md
  - docs/models/errors/getdepartmentdepartmentsresponseresponsebody.md
  - docs/models/errors/getdepartmentdepartmentsresponsebody.md
  - docs/models/errors/getdepartmentresponsebody.md
  - docs/models/errors/listdepartmentsdepartmentsresponsebody.md
  - docs/models/errors/listdepartmentsresponsebody.md
  - docs/models/errors/updatedepartmenterrors.md
  - docs/models/errors/updatedepartmentdepartmentsresponse422responsebody.md
  - docs/models/errors/updatedepartmentdepartmentsresponseresponsebody.md
  - docs/models/errors/updatedepartmentdepartmentsresponsebody.md
  - docs/models/errors/updatedepartmentresponsebody.md
  - docs/models/errors/deletedocumenterrors.md
  - docs/models/errors/deletedocumentdocumentsresponse422responsebody.md
  - docs/models/errors/deletedocumentdocumentsresponseresponsebody.md
  - docs/models/errors/deletedocumentdocumentsresponsebody.md
  - docs/models/errors/deletedocumentresponsebody.md
  - docs/models/errors/getdocumentdocumentsresponseresponsebody.md
  - docs/models/errors/getdocumentdocumentsresponsebody.md
  - docs/models/errors/getdocumentresponsebody.md
  - docs/models/errors/listdocumentsdocumentsresponsebody.md
  - docs/models/errors/listdocumentsresponsebody.md
  - docs/models/errors/updatedocumentdocumentsresponseresponsebody.md
  - docs/models/errors/updatedocumentdocumentsresponsebody.md
  - docs/models/errors/updatedocumentresponsebody.md
  - docs/models/errors/listsubfolderssubfoldersresponsebody.md
  - docs/models/errors/listsubfoldersresponsebody.md
  - docs/models/errors/listlegalentitieslegalentitiesresponsebody.md
  - docs/models/errors/listlegalentitiesresponsebody.md
  - docs/models/errors/createofficeerrors.md
  - docs/models/errors/createofficeofficesresponseresponsebody.md
  - docs/models/errors/createofficeofficesresponsebody.md
  - docs/models/errors/createofficeresponsebody.md
  - docs/models/errors/deleteofficeofficesresponse404responsebody.md
  - docs/models/errors/deleteofficeofficesresponseresponsebody.md
  - docs/models/errors/deleteofficeofficesresponsebody.md
  - docs/models/errors/deleteofficeresponsebody.md
  - docs/models/errors/getofficeofficesresponseresponsebody.md
  - docs/models/errors/getofficeofficesresponsebody.md
  - docs/models/errors/getofficeresponsebody.md
  - docs/models/errors/listofficesofficesresponsebody.md
  - docs/models/errors/listofficesresponsebody.md
  - docs/models/errors/updateofficeerrors.md
  - docs/models/errors/updateofficeofficesresponse422responsebody.md
  - docs/models/errors/updateofficeofficesresponseresponsebody.md
  - docs/models/errors/updateofficeofficesresponsebody.md
  - docs/models/errors/updateofficeresponsebody.md
  - docs/models/errors/createrelationerrors.md
  - docs/models/errors/createrelationrelationsresponseresponsebody.md
  - docs/models/errors/createrelationrelationsresponsebody.md
  - docs/models/errors/createrelationresponsebody.md
  - docs/models/errors/deleterelationrelationsresponse404responsebody.md
  - docs/models/errors/deleterelationrelationsresponseresponsebody.md
  - docs/models/errors/deleterelationrelationsresponsebody.md
  - docs/models/errors/deleterelationresponsebody.md
  - docs/models/errors/getrelationrelationsresponseresponsebody.md
  - docs/models/errors/getrelationrelationsresponsebody.md
  - docs/models/errors/getrelationresponsebody.md
  - docs/models/errors/listrelationsrelationsresponsebody.md
  - docs/models/errors/listrelationsresponsebody.md
  - docs/models/errors/updaterelationerrors.md
  - docs/models/errors/updaterelationrelationsresponse422responsebody.md
  - docs/models/errors/updaterelationrelationsresponseresponsebody.md
  - docs/models/errors/updaterelationrelationsresponsebody.md
  - docs/models/errors/updaterelationresponsebody.md
  - docs/models/errors/createtaskerrors.md
  - docs/models/errors/createtasktasksresponseresponsebody.md
  - docs/models/errors/createtasktasksresponsebody.md
  - docs/models/errors/createtaskresponsebody.md
  - docs/models/errors/deletetasktasksresponseresponsebody.md
  - docs/models/errors/deletetasktasksresponsebody.md
  - docs/models/errors/deletetaskresponsebody.md
  - docs/models/errors/gettasktasksresponseresponsebody.md
  - docs/models/errors/gettasktasksresponsebody.md
  - docs/models/errors/gettaskresponsebody.md
  - docs/models/errors/listtaskstasksresponsebody.md
  - docs/models/errors/listtasksresponsebody.md
  - docs/models/errors/updatetaskerrors.md
  - docs/models/errors/updatetasktasksresponse422responsebody.md
  - docs/models/errors/updatetasktasksresponseresponsebody.md
  - docs/models/errors/updatetasktasksresponsebody.md
  - docs/models/errors/updatetaskresponsebody.md
  - docs/models/errors/currentuserusersresponsebody.md
  - docs/models/errors/currentuserresponsebody.md
  - docs/models/errors/listusersusersresponsebody.md
  - docs/models/errors/listusersresponsebody.md
  - docs/sdks/contractifyproduction/README.md
  - docs/sdks/contracttypes/README.md
  - docs/sdks/contracts/README.md
  - docs/sdks/customfields/README.md
  - docs/sdks/departments/README.md
  - docs/sdks/documents/README.md
  - docs/sdks/subfolders/README.md
  - docs/sdks/legalentities/README.md
  - docs/sdks/offices/README.md
  - docs/sdks/relations/README.md
  - docs/sdks/tasks/README.md
  - docs/sdks/users/README.md
  - USAGE.md
  - .gitattributes
